
Microsoft Visual Studio Solution File, Format Version 12.00
# Visual Studio Version 17
VisualStudioVersion = 17.7.34031.279
MinimumVisualStudioVersion = 10.0.40219.1
Project("{FAE04EC0-301F-11D3-BF4B-00C04F79EFBC}") = "CreateCsFiles", "CreateCsFiles\CreateCsFiles.csproj", "{009D4DEA-9396-4B99-AF59-49D5C5BB8AF3}"
EndProject
Global
	GlobalSection(SolutionConfigurationPlatforms) = preSolution
		Debug|Any CPU = Debug|Any CPU
		Release|Any CPU = Release|Any CPU
	EndGlobalSection
	GlobalSection(ProjectConfigurationPlatforms) = postSolution
		{009D4DEA-9396-4B99-AF59-49D5C5BB8AF3}.Debug|Any CPU.ActiveCfg = Debug|Any CPU
		{009D4DEA-9396-4B99-AF59-49D5C5BB8AF3}.Debug|Any CPU.Build.0 = Debug|Any CPU
		{009D4DEA-9396-4B99-AF59-49D5C5BB8AF3}.Release|Any CPU.ActiveCfg = Release|Any CPU
		{009D4DEA-9396-4B99-AF59-49D5C5BB8AF3}.Release|Any CPU.Build.0 = Release|Any CPU
	EndGlobalSection
	GlobalSection(SolutionProperties) = preSolution
		HideSolutionNode = FALSE
	EndGlobalSection
	GlobalSection(ExtensibilityGlobals) = postSolution
		SolutionGuid = {23B86FD3-3521-47B7-8BFF-6F247513EB7A}
	EndGlobalSection
EndGlobal
